
Microsoft Visual Studio Solution File, Format Version 12.00
# Visual Studio Version 16
VisualStudioVersion = 16.0.810.5
MinimumVisualStudioVersion = 10.0.40219.1
Project("{9344BDBB-3E7F-41FC-A0DD-8665D75EE146}") = "html-me-something", "html-me-something\html-me-something.mdproj", "{85BCF2DA-441B-4052-A5FC-8C5B1D2DD2FE}"
EndProject
Global
	GlobalSection(SolutionConfigurationPlatforms) = preSolution
		Default|Any CPU = Default|Any CPU
	EndGlobalSection
	GlobalSection(ProjectConfigurationPlatforms) = postSolution
		{85BCF2DA-441B-4052-A5FC-8C5B1D2DD2FE}.Default|Any CPU.ActiveCfg = Default|Any CPU
		{85BCF2DA-441B-4052-A5FC-8C5B1D2DD2FE}.Default|Any CPU.Build.0 = Default|Any CPU
	EndGlobalSection
	GlobalSection(SolutionProperties) = preSolution
		HideSolutionNode = FALSE
	EndGlobalSection
	GlobalSection(ExtensibilityGlobals) = postSolution
		SolutionGuid = {84B6DB40-F33C-45A7-8BEB-BC3C7C3DC240}
	EndGlobalSection
EndGlobal
